
Microsoft Visual Studio Solution File, Format Version 12.00
# Visual Studio Version 16
VisualStudioVersion = 16.0.31729.503
MinimumVisualStudioVersion = 10.0.40219.1
Project("{FAE04EC0-301F-11D3-BF4B-00C04F79EFBC}") = "CoffeTime", "CoffeTime\CoffeTime.csproj", "{313E1CBF-1BB2-4658-8A1B-47DE472A586F}"
EndProject
Global
	GlobalSection(SolutionConfigurationPlatforms) = preSolution
		Debug|Any CPU = Debug|Any CPU
		Release|Any CPU = Release|Any CPU
	EndGlobalSection
	GlobalSection(ProjectConfigurationPlatforms) = postSolution
		{313E1CBF-1BB2-4658-8A1B-47DE472A586F}.Debug|Any CPU.ActiveCfg = Debug|Any CPU
		{313E1CBF-1BB2-4658-8A1B-47DE472A586F}.Debug|Any CPU.Build.0 = Debug|Any CPU
		{313E1CBF-1BB2-4658-8A1B-47DE472A586F}.Release|Any CPU.ActiveCfg = Release|Any CPU
		{313E1CBF-1BB2-4658-8A1B-47DE472A586F}.Release|Any CPU.Build.0 = Release|Any CPU
	EndGlobalSection
	GlobalSection(SolutionProperties) = preSolution
		HideSolutionNode = FALSE
	EndGlobalSection
	GlobalSection(ExtensibilityGlobals) = postSolution
		SolutionGuid = {E88FAFF6-F4A7-4A21-83DB-0961FB146A72}
	EndGlobalSection
EndGlobal
